
Microsoft Visual Studio Solution File, Format Version 12.00
Project("{FAE04EC0-301F-11D3-BF4B-00C04F79EFBC}") = "YetAnotherSnake", "YetAnotherSnake\YetAnotherSnake.csproj", "{23972ACE-52C3-4932-A798-86B5AC24733F}"
EndProject
Project("{FAE04EC0-301F-11D3-BF4B-00C04F79EFBC}") = "Nez", "Nez\Nez.Portable\Nez.csproj", "{76EEC8F4-CFB3-45E0-8BD9-35D65F0D42AF}"
EndProject
Global
	GlobalSection(SolutionConfigurationPlatforms) = preSolution
		Debug|Any CPU = Debug|Any CPU
		Release|Any CPU = Release|Any CPU
	EndGlobalSection
	GlobalSection(ProjectConfigurationPlatforms) = postSolution
		{23972ACE-52C3-4932-A798-86B5AC24733F}.Debug|Any CPU.ActiveCfg = Debug|Any CPU
		{23972ACE-52C3-4932-A798-86B5AC24733F}.Debug|Any CPU.Build.0 = Debug|Any CPU
		{23972ACE-52C3-4932-A798-86B5AC24733F}.Release|Any CPU.ActiveCfg = Release|Any CPU
		{23972ACE-52C3-4932-A798-86B5AC24733F}.Release|Any CPU.Build.0 = Release|Any CPU
		{76EEC8F4-CFB3-45E0-8BD9-35D65F0D42AF}.Debug|Any CPU.ActiveCfg = Debug|Any CPU
		{76EEC8F4-CFB3-45E0-8BD9-35D65F0D42AF}.Debug|Any CPU.Build.0 = Debug|Any CPU
		{76EEC8F4-CFB3-45E0-8BD9-35D65F0D42AF}.Release|Any CPU.ActiveCfg = Release|Any CPU
		{76EEC8F4-CFB3-45E0-8BD9-35D65F0D42AF}.Release|Any CPU.Build.0 = Release|Any CPU
	EndGlobalSection
EndGlobal
